
Microsoft Visual Studio Solution File, Format Version 12.00
# Visual Studio Version 17
VisualStudioVersion = 17.10.34928.147
MinimumVisualStudioVersion = 10.0.40219.1
Project("{2150E333-8FDC-42A3-9474-1A3956D46DE8}") = "ElectroTech.Domain", "ElectroTech.Domain", "{CC3532BA-618C-4EDD-97CB-C6CFCB13A0A6}"
EndProject
Project("{2150E333-8FDC-42A3-9474-1A3956D46DE8}") = "ElectroTech.Application", "ElectroTech.Application", "{DB64CEFB-239A-4B17-B22C-234128AFB011}"
EndProject
Project("{2150E333-8FDC-42A3-9474-1A3956D46DE8}") = "ElectroTech.Infrastructure", "ElectroTech.Infrastructure", "{F935109E-C9AF-466F-B005-261ECFC08612}"
EndProject
Project("{2150E333-8FDC-42A3-9474-1A3956D46DE8}") = "Presentations", "Presentations", "{792E9B0D-BEB6-464A-8BF3-D3C537772A93}"
EndProject
Project("{2150E333-8FDC-42A3-9474-1A3956D46DE8}") = "Commands", "Commands", "{5577C0B7-4BCB-480D-8AFE-8A9F25CBB5A4}"
EndProject
Project("{2150E333-8FDC-42A3-9474-1A3956D46DE8}") = "Queries", "Queries", "{66CFDCC3-1812-499A-9545-6A252734FF2C}"
EndProject
Project("{2150E333-8FDC-42A3-9474-1A3956D46DE8}") = "DTOs", "DTOs", "{45B8ABFB-3F83-4AB5-9FF5-125AEFA4D05A}"
EndProject
Project("{2150E333-8FDC-42A3-9474-1A3956D46DE8}") = "Mappings", "Mappings", "{4571F311-5EF6-4817-BED3-1428BD9DEFEC}"
EndProject
Project("{2150E333-8FDC-42A3-9474-1A3956D46DE8}") = "Repositories", "Repositories", "{89C767E7-C96C-403E-9450-3C909B7473A6}"
EndProject
Project("{2150E333-8FDC-42A3-9474-1A3956D46DE8}") = "Identity", "Identity", "{6CFFC77A-4B82-45B5-9F64-CB855F10DA09}"
EndProject
Project("{9A19103F-16F7-4668-BE54-9A1E7A4F7556}") = "ElectroTech.Web", "ElectroTech.Web\ElectroTech.Web.csproj", "{BD98AC6D-7374-4FF6-A28A-45F10D00A734}"
EndProject
Project("{9A19103F-16F7-4668-BE54-9A1E7A4F7556}") = "Entities", "Domain\Entities\Entities.csproj", "{9363CB16-EF34-4621-B516-B047A6A3401B}"
EndProject
Project("{9A19103F-16F7-4668-BE54-9A1E7A4F7556}") = "Interfaces", "Interfaces\Interfaces\Interfaces.csproj", "{D8F0883E-3D45-4400-9E23-0BA3FA85AD87}"
EndProject
Project("{9A19103F-16F7-4668-BE54-9A1E7A4F7556}") = "ElectroTech.Infrastructure", "ElectroTech.Infrastructure\ElectroTech.Infrastructure\ElectroTech.Infrastructure.csproj", "{8552E2B9-237A-43F1-99CD-7153B19B97B7}"
EndProject
Project("{2150E333-8FDC-42A3-9474-1A3956D46DE8}") = "Products", "Products", "{CA235D44-E993-43F0-939C-5D0B1923B3E9}"
EndProject
Project("{2150E333-8FDC-42A3-9474-1A3956D46DE8}") = "Orders", "Orders", "{8DC76020-8EA6-4FE1-B443-6550B89F8ED1}"
	ProjectSection(SolutionItems) = preProject
		CancelOrderCommand.cs = CancelOrderCommand.cs
		CreateOrderCommand.cs = CreateOrderCommand.cs
		UpdateOrderStatusCommand.cs = UpdateOrderStatusCommand.cs
	EndProjectSection
EndProject
Project("{2150E333-8FDC-42A3-9474-1A3956D46DE8}") = "Products", "Products", "{05D0E6F0-6F82-4D4A-A088-5FB1F264F437}"
EndProject
Project("{2150E333-8FDC-42A3-9474-1A3956D46DE8}") = "Categories", "Categories", "{4A542260-B94A-4D85-882D-9C9E1945C708}"
EndProject
Project("{2150E333-8FDC-42A3-9474-1A3956D46DE8}") = "Orders", "Orders", "{C42D7081-9E4F-47C8-84FA-C94DCD1FC907}"
EndProject
Project("{FAE04EC0-301F-11D3-BF4B-00C04F79EFBC}") = "ElectroTech.Application", "ElectroTech.Application\ElectroTech.Application.csproj", "{227A2F18-8DF7-43A6-A3A1-7FE91FC743C4}"
EndProject
Project("{FAE04EC0-301F-11D3-BF4B-00C04F79EFBC}") = "Enums", "Enums\Enums.csproj", "{B99F73BE-A488-48F3-8B41-8050611E1F62}"
EndProject
Project("{FAE04EC0-301F-11D3-BF4B-00C04F79EFBC}") = "Library", "Library\Library.csproj", "{F5491F80-AF9B-4D06-B1F9-55ECC434C974}"
EndProject
Global
	GlobalSection(SolutionConfigurationPlatforms) = preSolution
		Debug|Any CPU = Debug|Any CPU
		Release|Any CPU = Release|Any CPU
	EndGlobalSection
	GlobalSection(ProjectConfigurationPlatforms) = postSolution
		{BD98AC6D-7374-4FF6-A28A-45F10D00A734}.Debug|Any CPU.ActiveCfg = Debug|Any CPU
		{BD98AC6D-7374-4FF6-A28A-45F10D00A734}.Debug|Any CPU.Build.0 = Debug|Any CPU
		{BD98AC6D-7374-4FF6-A28A-45F10D00A734}.Release|Any CPU.ActiveCfg = Release|Any CPU
		{BD98AC6D-7374-4FF6-A28A-45F10D00A734}.Release|Any CPU.Build.0 = Release|Any CPU
		{9363CB16-EF34-4621-B516-B047A6A3401B}.Debug|Any CPU.ActiveCfg = Debug|Any CPU
		{9363CB16-EF34-4621-B516-B047A6A3401B}.Debug|Any CPU.Build.0 = Debug|Any CPU
		{9363CB16-EF34-4621-B516-B047A6A3401B}.Release|Any CPU.ActiveCfg = Release|Any CPU
		{9363CB16-EF34-4621-B516-B047A6A3401B}.Release|Any CPU.Build.0 = Release|Any CPU
		{D8F0883E-3D45-4400-9E23-0BA3FA85AD87}.Debug|Any CPU.ActiveCfg = Debug|Any CPU
		{D8F0883E-3D45-4400-9E23-0BA3FA85AD87}.Debug|Any CPU.Build.0 = Debug|Any CPU
		{D8F0883E-3D45-4400-9E23-0BA3FA85AD87}.Release|Any CPU.ActiveCfg = Release|Any CPU
		{D8F0883E-3D45-4400-9E23-0BA3FA85AD87}.Release|Any CPU.Build.0 = Release|Any CPU
		{8552E2B9-237A-43F1-99CD-7153B19B97B7}.Debug|Any CPU.ActiveCfg = Debug|Any CPU
		{8552E2B9-237A-43F1-99CD-7153B19B97B7}.Debug|Any CPU.Build.0 = Debug|Any CPU
		{8552E2B9-237A-43F1-99CD-7153B19B97B7}.Release|Any CPU.ActiveCfg = Release|Any CPU
		{8552E2B9-237A-43F1-99CD-7153B19B97B7}.Release|Any CPU.Build.0 = Release|Any CPU
		{227A2F18-8DF7-43A6-A3A1-7FE91FC743C4}.Debug|Any CPU.ActiveCfg = Debug|Any CPU
		{227A2F18-8DF7-43A6-A3A1-7FE91FC743C4}.Debug|Any CPU.Build.0 = Debug|Any CPU
		{227A2F18-8DF7-43A6-A3A1-7FE91FC743C4}.Release|Any CPU.ActiveCfg = Release|Any CPU
		{227A2F18-8DF7-43A6-A3A1-7FE91FC743C4}.Release|Any CPU.Build.0 = Release|Any CPU
		{B99F73BE-A488-48F3-8B41-8050611E1F62}.Debug|Any CPU.ActiveCfg = Debug|Any CPU
		{B99F73BE-A488-48F3-8B41-8050611E1F62}.Debug|Any CPU.Build.0 = Debug|Any CPU
		{B99F73BE-A488-48F3-8B41-8050611E1F62}.Release|Any CPU.ActiveCfg = Release|Any CPU
		{B99F73BE-A488-48F3-8B41-8050611E1F62}.Release|Any CPU.Build.0 = Release|Any CPU
		{F5491F80-AF9B-4D06-B1F9-55ECC434C974}.Debug|Any CPU.ActiveCfg = Debug|Any CPU
		{F5491F80-AF9B-4D06-B1F9-55ECC434C974}.Debug|Any CPU.Build.0 = Debug|Any CPU
		{F5491F80-AF9B-4D06-B1F9-55ECC434C974}.Release|Any CPU.ActiveCfg = Release|Any CPU
		{F5491F80-AF9B-4D06-B1F9-55ECC434C974}.Release|Any CPU.Build.0 = Release|Any CPU
	EndGlobalSection
	GlobalSection(SolutionProperties) = preSolution
		HideSolutionNode = FALSE
	EndGlobalSection
	GlobalSection(NestedProjects) = preSolution
		{5577C0B7-4BCB-480D-8AFE-8A9F25CBB5A4} = {DB64CEFB-239A-4B17-B22C-234128AFB011}
		{66CFDCC3-1812-499A-9545-6A252734FF2C} = {DB64CEFB-239A-4B17-B22C-234128AFB011}
		{45B8ABFB-3F83-4AB5-9FF5-125AEFA4D05A} = {DB64CEFB-239A-4B17-B22C-234128AFB011}
		{4571F311-5EF6-4817-BED3-1428BD9DEFEC} = {DB64CEFB-239A-4B17-B22C-234128AFB011}
		{89C767E7-C96C-403E-9450-3C909B7473A6} = {F935109E-C9AF-466F-B005-261ECFC08612}
		{6CFFC77A-4B82-45B5-9F64-CB855F10DA09} = {F935109E-C9AF-466F-B005-261ECFC08612}
		{BD98AC6D-7374-4FF6-A28A-45F10D00A734} = {792E9B0D-BEB6-464A-8BF3-D3C537772A93}
		{9363CB16-EF34-4621-B516-B047A6A3401B} = {CC3532BA-618C-4EDD-97CB-C6CFCB13A0A6}
		{D8F0883E-3D45-4400-9E23-0BA3FA85AD87} = {CC3532BA-618C-4EDD-97CB-C6CFCB13A0A6}
		{8552E2B9-237A-43F1-99CD-7153B19B97B7} = {F935109E-C9AF-466F-B005-261ECFC08612}
		{CA235D44-E993-43F0-939C-5D0B1923B3E9} = {5577C0B7-4BCB-480D-8AFE-8A9F25CBB5A4}
		{8DC76020-8EA6-4FE1-B443-6550B89F8ED1} = {5577C0B7-4BCB-480D-8AFE-8A9F25CBB5A4}
		{05D0E6F0-6F82-4D4A-A088-5FB1F264F437} = {66CFDCC3-1812-499A-9545-6A252734FF2C}
		{4A542260-B94A-4D85-882D-9C9E1945C708} = {66CFDCC3-1812-499A-9545-6A252734FF2C}
		{C42D7081-9E4F-47C8-84FA-C94DCD1FC907} = {66CFDCC3-1812-499A-9545-6A252734FF2C}
		{227A2F18-8DF7-43A6-A3A1-7FE91FC743C4} = {DB64CEFB-239A-4B17-B22C-234128AFB011}
		{B99F73BE-A488-48F3-8B41-8050611E1F62} = {CC3532BA-618C-4EDD-97CB-C6CFCB13A0A6}
		{F5491F80-AF9B-4D06-B1F9-55ECC434C974} = {CC3532BA-618C-4EDD-97CB-C6CFCB13A0A6}
	EndGlobalSection
	GlobalSection(ExtensibilityGlobals) = postSolution
		SolutionGuid = {306C4818-352E-4635-B437-765B7701792F}
	EndGlobalSection
EndGlobal
